
Microsoft Visual Studio Solution File, Format Version 12.00
# Visual Studio Version 17
VisualStudioVersion = 17.5.33414.496
MinimumVisualStudioVersion = 10.0.40219.1
Project("{9A19103F-16F7-4668-BE54-9A1E7A4F7556}") = "HestiaService.Api", "HestiaService.Api\HestiaService.Api.csproj", "{FCDEEE00-10DD-48C1-8D4E-67EAF45E3FC5}"
EndProject
Project("{FAE04EC0-301F-11D3-BF4B-00C04F79EFBC}") = "HestiaService.Application", "HestiaService.Application\HestiaService.Application.csproj", "{51C4140B-AA2D-44ED-8E23-A31106E63BE3}"
EndProject
Project("{FAE04EC0-301F-11D3-BF4B-00C04F79EFBC}") = "HestiaService.Contracts", "HestiaService.Contracts\HestiaService.Contracts.csproj", "{A1AF29C1-DE3A-49C9-B2B2-0B396CCAC920}"
EndProject
Project("{FAE04EC0-301F-11D3-BF4B-00C04F79EFBC}") = "HestiaService.Domain", "HestiaService.Domain\HestiaService.Domain.csproj", "{80927AF8-9CB8-4CCC-8F66-A7F4B08009B0}"
EndProject
Project("{FAE04EC0-301F-11D3-BF4B-00C04F79EFBC}") = "HestiaService.Infrastructure", "HestiaService.Infrastructure\HestiaService.Infrastructure.csproj", "{5B83F04A-27D6-440B-9EFA-D3387195890E}"
EndProject
Global
	GlobalSection(SolutionConfigurationPlatforms) = preSolution
		Debug|Any CPU = Debug|Any CPU
		Release|Any CPU = Release|Any CPU
	EndGlobalSection
	GlobalSection(ProjectConfigurationPlatforms) = postSolution
		{FCDEEE00-10DD-48C1-8D4E-67EAF45E3FC5}.Debug|Any CPU.ActiveCfg = Debug|Any CPU
		{FCDEEE00-10DD-48C1-8D4E-67EAF45E3FC5}.Debug|Any CPU.Build.0 = Debug|Any CPU
		{FCDEEE00-10DD-48C1-8D4E-67EAF45E3FC5}.Release|Any CPU.ActiveCfg = Release|Any CPU
		{FCDEEE00-10DD-48C1-8D4E-67EAF45E3FC5}.Release|Any CPU.Build.0 = Release|Any CPU
		{51C4140B-AA2D-44ED-8E23-A31106E63BE3}.Debug|Any CPU.ActiveCfg = Debug|Any CPU
		{51C4140B-AA2D-44ED-8E23-A31106E63BE3}.Debug|Any CPU.Build.0 = Debug|Any CPU
		{51C4140B-AA2D-44ED-8E23-A31106E63BE3}.Release|Any CPU.ActiveCfg = Release|Any CPU
		{51C4140B-AA2D-44ED-8E23-A31106E63BE3}.Release|Any CPU.Build.0 = Release|Any CPU
		{A1AF29C1-DE3A-49C9-B2B2-0B396CCAC920}.Debug|Any CPU.ActiveCfg = Debug|Any CPU
		{A1AF29C1-DE3A-49C9-B2B2-0B396CCAC920}.Debug|Any CPU.Build.0 = Debug|Any CPU
		{A1AF29C1-DE3A-49C9-B2B2-0B396CCAC920}.Release|Any CPU.ActiveCfg = Release|Any CPU
		{A1AF29C1-DE3A-49C9-B2B2-0B396CCAC920}.Release|Any CPU.Build.0 = Release|Any CPU
		{80927AF8-9CB8-4CCC-8F66-A7F4B08009B0}.Debug|Any CPU.ActiveCfg = Debug|Any CPU
		{80927AF8-9CB8-4CCC-8F66-A7F4B08009B0}.Debug|Any CPU.Build.0 = Debug|Any CPU
		{80927AF8-9CB8-4CCC-8F66-A7F4B08009B0}.Release|Any CPU.ActiveCfg = Release|Any CPU
		{80927AF8-9CB8-4CCC-8F66-A7F4B08009B0}.Release|Any CPU.Build.0 = Release|Any CPU
		{5B83F04A-27D6-440B-9EFA-D3387195890E}.Debug|Any CPU.ActiveCfg = Debug|Any CPU
		{5B83F04A-27D6-440B-9EFA-D3387195890E}.Debug|Any CPU.Build.0 = Debug|Any CPU
		{5B83F04A-27D6-440B-9EFA-D3387195890E}.Release|Any CPU.ActiveCfg = Release|Any CPU
		{5B83F04A-27D6-440B-9EFA-D3387195890E}.Release|Any CPU.Build.0 = Release|Any CPU
	EndGlobalSection
	GlobalSection(SolutionProperties) = preSolution
		HideSolutionNode = FALSE
	EndGlobalSection
	GlobalSection(ExtensibilityGlobals) = postSolution
		SolutionGuid = {3026D26F-2F0D-45C6-8E29-F386B90235B5}
	EndGlobalSection
EndGlobal
